
Microsoft Visual Studio Solution File, Format Version 12.00
# Visual Studio Version 17
VisualStudioVersion = 17.6.33723.286
MinimumVisualStudioVersion = 10.0.40219.1
Project("{2150E333-8FDC-42A3-9474-1A3956D46DE8}") = "Dependencies", "Dependencies", "{C691C2D7-A55A-467A-BF53-89CAC066614E}"
EndProject
Project("{2150E333-8FDC-42A3-9474-1A3956D46DE8}") = "Vanaheimr", "Vanaheimr", "{1F7765AA-DD28-4B6D-95C8-42C2A3E4D2E9}"
EndProject
Project("{2150E333-8FDC-42A3-9474-1A3956D46DE8}") = "Open Charging Cloud", "Open Charging Cloud", "{C1D2648F-7093-4994-9C3E-272798F5B9FB}"
EndProject
Project("{9A19103F-16F7-4668-BE54-9A1E7A4F7556}") = "Styx", "libs\Styx\Styx\Styx.csproj", "{9FEF406C-BB02-47A9-B2A3-9EA33B33FAE3}"
EndProject
Project("{9A19103F-16F7-4668-BE54-9A1E7A4F7556}") = "StyxTests", "libs\Styx\StyxTests\StyxTests.csproj", "{C12440A0-4C41-40E8-98FD-DDF793453BDB}"
EndProject
Project("{9A19103F-16F7-4668-BE54-9A1E7A4F7556}") = "Hermod", "libs\Hermod\Hermod\Hermod.csproj", "{13603E47-21DF-4AFD-B7B9-DB7C00E7904C}"
EndProject
Project("{9A19103F-16F7-4668-BE54-9A1E7A4F7556}") = "HermodTests", "libs\Hermod\HermodTests\HermodTests.csproj", "{B1429A1E-52BE-4B87-9207-AB0C73EB4F7F}"
EndProject
Project("{9A19103F-16F7-4668-BE54-9A1E7A4F7556}") = "UsersAPI", "libs\UsersAPI\UsersAPI\UsersAPI.csproj", "{761BC80D-EA73-4818-B0B4-8FE7D3A0B510}"
EndProject
Project("{9A19103F-16F7-4668-BE54-9A1E7A4F7556}") = "UsersAPITests", "libs\UsersAPI\UsersAPITests\UsersAPITests.csproj", "{C3066A70-815E-4085-8BE8-E9F8E2917A98}"
EndProject
Project("{9A19103F-16F7-4668-BE54-9A1E7A4F7556}") = "TelegramBotAPI", "libs\TelegramBotAPI\TelegramBotAPI\TelegramBotAPI.csproj", "{FC41BE35-9F39-4026-BB69-2789C7BA62F0}"
EndProject
Project("{9A19103F-16F7-4668-BE54-9A1E7A4F7556}") = "SMSAPI", "libs\SMSAPI\SMSAPI\SMSAPI.csproj", "{208DBCAE-A28B-4546-BD7E-435BE9D09EA8}"
EndProject
Project("{9A19103F-16F7-4668-BE54-9A1E7A4F7556}") = "WWCP_Core", "libs\WWCP_Core\WWCP_Core\WWCP_Core.csproj", "{E3595EDC-EE0C-466E-BD97-C67B2B4E6FA4}"
EndProject
Project("{9A19103F-16F7-4668-BE54-9A1E7A4F7556}") = "WWCP_Core_Tests", "libs\WWCP_Core\WWCP_Core_Tests\WWCP_Core_Tests.csproj", "{266C05B8-5D90-48E4-8F28-B2DB2C48BDDF}"
EndProject
Project("{9A19103F-16F7-4668-BE54-9A1E7A4F7556}") = "OpenChargingCloudAPI", "libs\OpenChargingCloudAPI\OpenChargingCloudAPI\OpenChargingCloudAPI.csproj", "{BA6356C2-B91B-47C8-AE14-DAA10E9F06AB}"
EndProject
Project("{9A19103F-16F7-4668-BE54-9A1E7A4F7556}") = "OpenChargingCloudAPITests", "libs\OpenChargingCloudAPI\OpenChargingCloudAPITests\OpenChargingCloudAPITests.csproj", "{F54AD791-3844-4E1E-8096-92FD5CED88EE}"
EndProject
Project("{2150E333-8FDC-42A3-9474-1A3956D46DE8}") = "OCPP", "OCPP", "{9321816B-FD3B-429E-972C-C43A0525C945}"
	ProjectSection(SolutionItems) = preProject
		libs\WWCP_OCPP\README.md = libs\WWCP_OCPP\README.md
	EndProjectSection
EndProject
Project("{2150E333-8FDC-42A3-9474-1A3956D46DE8}") = "OICP", "OICP", "{C1BBF258-F77E-4A90-9570-339749C6D82C}"
EndProject
Project("{9A19103F-16F7-4668-BE54-9A1E7A4F7556}") = "WWCP_OICPv2.3", "libs\WWCP_OICP\WWCP_OICPv2.3\WWCP_OICPv2.3.csproj", "{45F4A9CD-54CE-4648-B59A-0487AE666F67}"
EndProject
Project("{9A19103F-16F7-4668-BE54-9A1E7A4F7556}") = "WWCP_OICPv2.3_Adapter", "libs\WWCP_OICP\WWCP_OICPv2.3_Adapter\WWCP_OICPv2.3_Adapter.csproj", "{3B034F10-07CF-4FD6-8671-20AE3C9D293F}"
EndProject
Project("{9A19103F-16F7-4668-BE54-9A1E7A4F7556}") = "WWCP_OICPv2.3_Tests", "libs\WWCP_OICP\WWCP_OICPv2.3_Tests\WWCP_OICPv2.3_Tests.csproj", "{ECB883E7-8DCF-47FC-8F21-DEAF6A58B343}"
EndProject
Project("{9A19103F-16F7-4668-BE54-9A1E7A4F7556}") = "WWCP_OICPv2.3_WebAPI", "libs\WWCP_OICP\WWCP_OICPv2.3_WebAPI\WWCP_OICPv2.3_WebAPI.csproj", "{6ACDB1D1-B283-4555-8CF8-44060E47CF81}"
EndProject
Project("{2150E333-8FDC-42A3-9474-1A3956D46DE8}") = "OCPI", "OCPI", "{469C067D-E3BC-4A91-B0FC-2DAE521B7BF9}"
EndProject
Project("{9A19103F-16F7-4668-BE54-9A1E7A4F7556}") = "WWCP_OCPIv2.1.1", "libs\WWCP_OCPI\WWCP_OCPIv2.1.1\WWCP_OCPIv2.1.1.csproj", "{202720B3-92DA-4366-9BA4-72120A3DB9EB}"
EndProject
Project("{9A19103F-16F7-4668-BE54-9A1E7A4F7556}") = "WWCP_OCPI_Common", "libs\WWCP_OCPI\WWCP_OCPI_Common\WWCP_OCPI_Common.csproj", "{F975D295-C001-4C58-8F37-C9AC13825E76}"
EndProject
Project("{9A19103F-16F7-4668-BE54-9A1E7A4F7556}") = "WWCP_OCPIv2.1.1_Adapter", "libs\WWCP_OCPI\WWCP_OCPIv2.1.1_Adapter\WWCP_OCPIv2.1.1_Adapter.csproj", "{52A8C093-54EF-4504-8272-55CC433667A5}"
EndProject
Project("{9A19103F-16F7-4668-BE54-9A1E7A4F7556}") = "WWCP_OCPIv2.1.1_Tests", "libs\WWCP_OCPI\WWCP_OCPIv2.1.1_Tests\WWCP_OCPIv2.1.1_Tests.csproj", "{58F1A651-CD91-467A-8D3A-645522EA17E6}"
EndProject
Project("{9A19103F-16F7-4668-BE54-9A1E7A4F7556}") = "WWCP_OCPIv2.1.1_WebAPI", "libs\WWCP_OCPI\WWCP_OCPIv2.1.1_WebAPI\WWCP_OCPIv2.1.1_WebAPI.csproj", "{65FA5676-770A-49C8-BE05-B549DEC42F7F}"
EndProject
Project("{9A19103F-16F7-4668-BE54-9A1E7A4F7556}") = "WWCP_OCPIv2.2.1", "libs\WWCP_OCPI\WWCP_OCPIv2.2.1\WWCP_OCPIv2.2.1.csproj", "{95EFF552-8288-416A-A0F1-AD8474320B8F}"
EndProject
Project("{9A19103F-16F7-4668-BE54-9A1E7A4F7556}") = "WWCP_OCPIv2.2.1_Adapter", "libs\WWCP_OCPI\WWCP_OCPIv2.2.1_Adapter\WWCP_OCPIv2.2.1_Adapter.csproj", "{97103F68-7710-41CE-B1D2-049544C0293C}"
EndProject
Project("{9A19103F-16F7-4668-BE54-9A1E7A4F7556}") = "WWCP_OCPIv2.2.1_Tests", "libs\WWCP_OCPI\WWCP_OCPIv2.2.1_Tests\WWCP_OCPIv2.2.1_Tests.csproj", "{8A83C530-8E9A-49D2-97EA-B6909E72FAF5}"
EndProject
Project("{9A19103F-16F7-4668-BE54-9A1E7A4F7556}") = "WWCP_OCPIv2.2.1_WebAPI", "libs\WWCP_OCPI\WWCP_OCPIv2.2.1_WebAPI\WWCP_OCPIv2.2.1_WebAPI.csproj", "{995D13BE-1A50-4EB3-9EBF-EDBB77FC0FDD}"
EndProject
Project("{2150E333-8FDC-42A3-9474-1A3956D46DE8}") = "ISO15118", "ISO15118", "{17DBD68B-1BA8-4ABC-B0AD-7AB9169503D3}"
EndProject
Project("{9A19103F-16F7-4668-BE54-9A1E7A4F7556}") = "WWCP_ISO15118_20", "libs\WWCP_ISO15118\WWCP_ISO15118_20\WWCP_ISO15118_20.csproj", "{403011EB-6757-4AC7-8D83-F47E8B5836EC}"
EndProject
Project("{9A19103F-16F7-4668-BE54-9A1E7A4F7556}") = "WWCP_ISO15118_20_Tests", "libs\WWCP_ISO15118\WWCP_ISO15118_20_Tests\WWCP_ISO15118_20_Tests.csproj", "{FDBDE35A-E74C-4BA7-A881-474306A8B1F5}"
EndProject
Project("{9A19103F-16F7-4668-BE54-9A1E7A4F7556}") = "WWCP_MQTT_Adapter", "libs\WWCP_MQTT\WWCP_MQTT_Adapter\WWCP_MQTT_Adapter.csproj", "{5683C333-51FA-46B3-9387-B06C6EB012E6}"
EndProject
Project("{9A19103F-16F7-4668-BE54-9A1E7A4F7556}") = "WWCP_MQTT_Tests", "libs\WWCP_MQTT\WWCP_MQTT_Tests\WWCP_MQTT_Tests.csproj", "{AA4E5A32-5EE0-4A09-960A-4D7A16745E88}"
EndProject
Project("{9A19103F-16F7-4668-BE54-9A1E7A4F7556}") = "WWCP_CPO", "libs\WWCP_CPO\WWCP_CPO\WWCP_CPO.csproj", "{AC7C3A85-D1F1-4BD9-909F-AF5F1DC6EADA}"
EndProject
Project("{9A19103F-16F7-4668-BE54-9A1E7A4F7556}") = "WWCP_CPO_Tests", "libs\WWCP_CPO\WWCP_CPO_Tests\WWCP_CPO_Tests.csproj", "{150D4A3A-5701-490C-A4F6-FDE7DFBB739D}"
EndProject
Project("{9A19103F-16F7-4668-BE54-9A1E7A4F7556}") = "WWCP_EMP", "libs\WWCP_EMP\WWCP_EMP\WWCP_EMP.csproj", "{07F2E2B7-C8CC-4620-8193-63D4C7F9B894}"
EndProject
Project("{9A19103F-16F7-4668-BE54-9A1E7A4F7556}") = "WWCP_EMP_Tests", "libs\WWCP_EMP\WWCP_EMP_Tests\WWCP_EMP_Tests.csproj", "{776709C8-3D58-4BE0-BD0B-47D284D449B9}"
EndProject
Project("{9A19103F-16F7-4668-BE54-9A1E7A4F7556}") = "WWCP_ESGP", "libs\WWCP_ESGP\WWCP_ESGP\WWCP_ESGP.csproj", "{7D76AD56-ED19-43B1-A3F2-D08F01679D06}"
EndProject
Project("{9A19103F-16F7-4668-BE54-9A1E7A4F7556}") = "WWCP_ESGP_Tests", "libs\WWCP_ESGP\WWCP_ESGP_Tests\WWCP_ESGP_Tests.csproj", "{A7A78ACA-B03A-45CB-8909-B9EC7C48BCA1}"
EndProject
Project("{9A19103F-16F7-4668-BE54-9A1E7A4F7556}") = "WWCP_ChargingStation", "libs\WWCP_ChargingStation\WWCP_ChargingStation\WWCP_ChargingStation.csproj", "{519CC2ED-D0AB-47E5-B500-6C42A3CAFBDC}"
EndProject
Project("{9A19103F-16F7-4668-BE54-9A1E7A4F7556}") = "WWCP_ChargingStation_Tests", "libs\WWCP_ChargingStation\WWCP_ChargingStation_Tests\WWCP_ChargingStation_Tests.csproj", "{5380381A-BEFC-4F9D-949B-4F499F5F36B0}"
EndProject
Project("{2150E333-8FDC-42A3-9474-1A3956D46DE8}") = "EGSP", "EGSP", "{14C74456-03D6-4BA5-B6EE-A0B4C2AC4871}"
EndProject
Project("{9A19103F-16F7-4668-BE54-9A1E7A4F7556}") = "WWCP_ESGP_Adapter", "libs\WWCP_ESGP\WWCP_ESGP_Adapter\WWCP_ESGP_Adapter.csproj", "{E220D754-4DD5-4975-885B-FE863031FECE}"
EndProject
Project("{9A19103F-16F7-4668-BE54-9A1E7A4F7556}") = "WWCP_NCP", "libs\WWCP_ESGP\WWCP_NCP\WWCP_NCP.csproj", "{5DFCDCA9-813B-466E-9060-02BB67803A34}"
EndProject
Project("{9A19103F-16F7-4668-BE54-9A1E7A4F7556}") = "WWCP_ISO15118_2", "libs\WWCP_ISO15118\WWCP_ISO15118_2\WWCP_ISO15118_2.csproj", "{6FA9CBDF-BA27-4CFE-BCC6-7078AAEA4456}"
EndProject
Project("{9A19103F-16F7-4668-BE54-9A1E7A4F7556}") = "WWCP_ISO15118_2_Tests", "libs\WWCP_ISO15118\WWCP_ISO15118_2_Tests\WWCP_ISO15118_2_Tests.csproj", "{29C1B780-F4F4-4530-B4CC-3DC6A9A8021D}"
EndProject
Project("{9A19103F-16F7-4668-BE54-9A1E7A4F7556}") = "VanaheimrElectric_Tests", "VanaheimrElectric_Tests\VanaheimrElectric_Tests.csproj", "{35830EC6-6A6B-48EF-9994-B7B2715D6283}"
EndProject
Project("{9A19103F-16F7-4668-BE54-9A1E7A4F7556}") = "Vanaheimr Electric", "Vanaheimr Electric\Vanaheimr Electric.csproj", "{00C105FE-B5C7-4F1D-AE4F-7162B26657BC}"
EndProject
Project("{9A19103F-16F7-4668-BE54-9A1E7A4F7556}") = "WWCP_DCC", "libs\WWCP_DCC\WWCP_DCC\WWCP_DCC.csproj", "{DE90D68B-7160-407C-B632-3E520E229CAD}"
EndProject
Project("{9A19103F-16F7-4668-BE54-9A1E7A4F7556}") = "WWCP_DCC_Tests", "libs\WWCP_DCC\WWCP_DCC_Tests\WWCP_DCC_Tests.csproj", "{F8FCB2BF-8A63-4FBD-9112-B4D1133CD92F}"
EndProject
Project("{9A19103F-16F7-4668-BE54-9A1E7A4F7556}") = "WWCP_OCPPv2.1", "libs\WWCP_OCPP\WWCP_OCPPv2.1\WWCP_OCPPv2.1.csproj", "{25EF2469-BD14-42D4-8F71-02BEF23A9FCB}"
EndProject
Project("{9A19103F-16F7-4668-BE54-9A1E7A4F7556}") = "WWCP_OCPPv2.1_Adapter", "libs\WWCP_OCPP\WWCP_OCPPv2.1_Adapter\WWCP_OCPPv2.1_Adapter.csproj", "{F78CDC5E-6D14-4CD8-BF94-4350D1169DFC}"
EndProject
Project("{9A19103F-16F7-4668-BE54-9A1E7A4F7556}") = "WWCP_OCPPv2.1_Tests", "libs\WWCP_OCPP\WWCP_OCPPv2.1_Tests\WWCP_OCPPv2.1_Tests.csproj", "{DF5F1093-7ACA-428E-BA40-D9E0EA4BA715}"
EndProject
Project("{9A19103F-16F7-4668-BE54-9A1E7A4F7556}") = "WWCP_OCPP_Common", "libs\WWCP_OCPP\WWCP_OCPP_Common\WWCP_OCPP_Common.csproj", "{7A2302BE-0AC0-41EF-84A2-6428E29ED9F1}"
EndProject
Project("{9A19103F-16F7-4668-BE54-9A1E7A4F7556}") = "WWCP_OCPPv2.1_LocalController", "libs\WWCP_OCPP\WWCP_OCPPv2.1_LocalController\WWCP_OCPPv2.1_LocalController.csproj", "{0B4A53C0-7AC8-4E6D-9CAE-411B9C70A890}"
EndProject
Project("{9A19103F-16F7-4668-BE54-9A1E7A4F7556}") = "WWCP_OCPPv2.1_Gateway", "libs\WWCP_OCPP\WWCP_OCPPv2.1_Gateway\WWCP_OCPPv2.1_Gateway.csproj", "{3F0205DF-14E3-4E0D-87CA-7DA42D3784F4}"
EndProject
Project("{9A19103F-16F7-4668-BE54-9A1E7A4F7556}") = "WWCP_OCPPv2.1_CSMS", "libs\WWCP_OCPP\WWCP_OCPPv2.1_CSMS\WWCP_OCPPv2.1_CSMS.csproj", "{2584EDFB-3119-444D-ADF7-CA61DF65CAA7}"
EndProject
Project("{9A19103F-16F7-4668-BE54-9A1E7A4F7556}") = "WWCP_OCPPv2.1_ChargingStation", "libs\WWCP_OCPP\WWCP_OCPPv2.1_ChargingStation\WWCP_OCPPv2.1_ChargingStation.csproj", "{B5C4C6EC-DFA6-410F-BA27-6A51EACE33A2}"
EndProject
Project("{2150E333-8FDC-42A3-9474-1A3956D46DE8}") = "EEBus", "EEBus", "{C54DA6D4-1610-4984-B769-273FF1C01D67}"
	ProjectSection(SolutionItems) = preProject
		libs\WWCP_EEBus\README.md = libs\WWCP_EEBus\README.md
	EndProjectSection
EndProject
Project("{9A19103F-16F7-4668-BE54-9A1E7A4F7556}") = "WWCP_EEBus_SHIP", "libs\WWCP_EEBus\WWCP_EEBus_SHIP\WWCP_EEBus_SHIP.csproj", "{18EAEFAD-1ED7-4E10-AC00-D4DF27CFA113}"
EndProject
Project("{9A19103F-16F7-4668-BE54-9A1E7A4F7556}") = "WWCP_EEBus_SHIP_Tests", "libs\WWCP_EEBus\WWCP_EEBus_SHIP_Tests\WWCP_EEBus_SHIP_Tests.csproj", "{F631497B-1F9C-4856-AA91-938B26016CC4}"
EndProject
Project("{9A19103F-16F7-4668-BE54-9A1E7A4F7556}") = "WWCP_OverlayNetworking", "libs\WWCP_Core\WWCP_OverlayNetworking\WWCP_OverlayNetworking.csproj", "{7EC1AC40-F081-4A6A-9DE8-3DE6090CB521}"
EndProject
Project("{9A19103F-16F7-4668-BE54-9A1E7A4F7556}") = "WWCP_OverlayNetworking_Tests", "libs\WWCP_Core\WWCP_OverlayNetworking_Tests\WWCP_OverlayNetworking_Tests.csproj", "{581F38BD-97A6-4F81-99E1-9A1A656970A0}"
EndProject
Project("{9A19103F-16F7-4668-BE54-9A1E7A4F7556}") = "WWCP_EEBus_SPINE", "libs\WWCP_EEBus\WWCP_EEBus_SPINE\WWCP_EEBus_SPINE.csproj", "{BC72AA1C-236E-406F-A480-8A707833D99A}"
EndProject
Project("{9A19103F-16F7-4668-BE54-9A1E7A4F7556}") = "WWCP_EEBus_SPINE_Tests", "libs\WWCP_EEBus\WWCP_EEBus_SPINE_Tests\WWCP_EEBus_SPINE_Tests.csproj", "{A83CBA88-0440-4ACD-A8DD-6462B7A2F988}"
EndProject
Project("{FAE04EC0-301F-11D3-BF4B-00C04F79EFBC}") = "WWCP_OCPPv2.1_EnergyMeter", "libs\WWCP_OCPP\WWCP_OCPPv2.1_EnergyMeter\WWCP_OCPPv2.1_EnergyMeter.csproj", "{6CBD2177-4728-4FA9-8E11-70394A377E5C}"
EndProject
Global
	GlobalSection(SolutionConfigurationPlatforms) = preSolution
		Debug|Any CPU = Debug|Any CPU
		Release|Any CPU = Release|Any CPU
	EndGlobalSection
	GlobalSection(ProjectConfigurationPlatforms) = postSolution
		{9FEF406C-BB02-47A9-B2A3-9EA33B33FAE3}.Debug|Any CPU.ActiveCfg = Debug|Any CPU
		{9FEF406C-BB02-47A9-B2A3-9EA33B33FAE3}.Debug|Any CPU.Build.0 = Debug|Any CPU
		{9FEF406C-BB02-47A9-B2A3-9EA33B33FAE3}.Release|Any CPU.ActiveCfg = Release|Any CPU
		{9FEF406C-BB02-47A9-B2A3-9EA33B33FAE3}.Release|Any CPU.Build.0 = Release|Any CPU
		{C12440A0-4C41-40E8-98FD-DDF793453BDB}.Debug|Any CPU.ActiveCfg = Debug|Any CPU
		{C12440A0-4C41-40E8-98FD-DDF793453BDB}.Debug|Any CPU.Build.0 = Debug|Any CPU
		{C12440A0-4C41-40E8-98FD-DDF793453BDB}.Release|Any CPU.ActiveCfg = Release|Any CPU
		{C12440A0-4C41-40E8-98FD-DDF793453BDB}.Release|Any CPU.Build.0 = Release|Any CPU
		{13603E47-21DF-4AFD-B7B9-DB7C00E7904C}.Debug|Any CPU.ActiveCfg = Debug|Any CPU
		{13603E47-21DF-4AFD-B7B9-DB7C00E7904C}.Debug|Any CPU.Build.0 = Debug|Any CPU
		{13603E47-21DF-4AFD-B7B9-DB7C00E7904C}.Release|Any CPU.ActiveCfg = Release|Any CPU
		{13603E47-21DF-4AFD-B7B9-DB7C00E7904C}.Release|Any CPU.Build.0 = Release|Any CPU
		{B1429A1E-52BE-4B87-9207-AB0C73EB4F7F}.Debug|Any CPU.ActiveCfg = Debug|Any CPU
		{B1429A1E-52BE-4B87-9207-AB0C73EB4F7F}.Debug|Any CPU.Build.0 = Debug|Any CPU
		{B1429A1E-52BE-4B87-9207-AB0C73EB4F7F}.Release|Any CPU.ActiveCfg = Release|Any CPU
		{B1429A1E-52BE-4B87-9207-AB0C73EB4F7F}.Release|Any CPU.Build.0 = Release|Any CPU
		{761BC80D-EA73-4818-B0B4-8FE7D3A0B510}.Debug|Any CPU.ActiveCfg = Debug|Any CPU
		{761BC80D-EA73-4818-B0B4-8FE7D3A0B510}.Debug|Any CPU.Build.0 = Debug|Any CPU
		{761BC80D-EA73-4818-B0B4-8FE7D3A0B510}.Release|Any CPU.ActiveCfg = Release|Any CPU
		{761BC80D-EA73-4818-B0B4-8FE7D3A0B510}.Release|Any CPU.Build.0 = Release|Any CPU
		{C3066A70-815E-4085-8BE8-E9F8E2917A98}.Debug|Any CPU.ActiveCfg = Debug|Any CPU
		{C3066A70-815E-4085-8BE8-E9F8E2917A98}.Debug|Any CPU.Build.0 = Debug|Any CPU
		{C3066A70-815E-4085-8BE8-E9F8E2917A98}.Release|Any CPU.ActiveCfg = Release|Any CPU
		{C3066A70-815E-4085-8BE8-E9F8E2917A98}.Release|Any CPU.Build.0 = Release|Any CPU
		{FC41BE35-9F39-4026-BB69-2789C7BA62F0}.Debug|Any CPU.ActiveCfg = Debug|Any CPU
		{FC41BE35-9F39-4026-BB69-2789C7BA62F0}.Debug|Any CPU.Build.0 = Debug|Any CPU
		{FC41BE35-9F39-4026-BB69-2789C7BA62F0}.Release|Any CPU.ActiveCfg = Release|Any CPU
		{FC41BE35-9F39-4026-BB69-2789C7BA62F0}.Release|Any CPU.Build.0 = Release|Any CPU
		{208DBCAE-A28B-4546-BD7E-435BE9D09EA8}.Debug|Any CPU.ActiveCfg = Debug|Any CPU
		{208DBCAE-A28B-4546-BD7E-435BE9D09EA8}.Debug|Any CPU.Build.0 = Debug|Any CPU
		{208DBCAE-A28B-4546-BD7E-435BE9D09EA8}.Release|Any CPU.ActiveCfg = Release|Any CPU
		{208DBCAE-A28B-4546-BD7E-435BE9D09EA8}.Release|Any CPU.Build.0 = Release|Any CPU
		{E3595EDC-EE0C-466E-BD97-C67B2B4E6FA4}.Debug|Any CPU.ActiveCfg = Debug|Any CPU
		{E3595EDC-EE0C-466E-BD97-C67B2B4E6FA4}.Debug|Any CPU.Build.0 = Debug|Any CPU
		{E3595EDC-EE0C-466E-BD97-C67B2B4E6FA4}.Release|Any CPU.ActiveCfg = Release|Any CPU
		{E3595EDC-EE0C-466E-BD97-C67B2B4E6FA4}.Release|Any CPU.Build.0 = Release|Any CPU
		{266C05B8-5D90-48E4-8F28-B2DB2C48BDDF}.Debug|Any CPU.ActiveCfg = Debug|Any CPU
		{266C05B8-5D90-48E4-8F28-B2DB2C48BDDF}.Debug|Any CPU.Build.0 = Debug|Any CPU
		{266C05B8-5D90-48E4-8F28-B2DB2C48BDDF}.Release|Any CPU.ActiveCfg = Release|Any CPU
		{266C05B8-5D90-48E4-8F28-B2DB2C48BDDF}.Release|Any CPU.Build.0 = Release|Any CPU
		{BA6356C2-B91B-47C8-AE14-DAA10E9F06AB}.Debug|Any CPU.ActiveCfg = Debug|Any CPU
		{BA6356C2-B91B-47C8-AE14-DAA10E9F06AB}.Debug|Any CPU.Build.0 = Debug|Any CPU
		{BA6356C2-B91B-47C8-AE14-DAA10E9F06AB}.Release|Any CPU.ActiveCfg = Release|Any CPU
		{BA6356C2-B91B-47C8-AE14-DAA10E9F06AB}.Release|Any CPU.Build.0 = Release|Any CPU
		{F54AD791-3844-4E1E-8096-92FD5CED88EE}.Debug|Any CPU.ActiveCfg = Debug|Any CPU
		{F54AD791-3844-4E1E-8096-92FD5CED88EE}.Debug|Any CPU.Build.0 = Debug|Any CPU
		{F54AD791-3844-4E1E-8096-92FD5CED88EE}.Release|Any CPU.ActiveCfg = Release|Any CPU
		{F54AD791-3844-4E1E-8096-92FD5CED88EE}.Release|Any CPU.Build.0 = Release|Any CPU
		{45F4A9CD-54CE-4648-B59A-0487AE666F67}.Debug|Any CPU.ActiveCfg = Debug|Any CPU
		{45F4A9CD-54CE-4648-B59A-0487AE666F67}.Debug|Any CPU.Build.0 = Debug|Any CPU
		{45F4A9CD-54CE-4648-B59A-0487AE666F67}.Release|Any CPU.ActiveCfg = Release|Any CPU
		{45F4A9CD-54CE-4648-B59A-0487AE666F67}.Release|Any CPU.Build.0 = Release|Any CPU
		{3B034F10-07CF-4FD6-8671-20AE3C9D293F}.Debug|Any CPU.ActiveCfg = Debug|Any CPU
		{3B034F10-07CF-4FD6-8671-20AE3C9D293F}.Debug|Any CPU.Build.0 = Debug|Any CPU
		{3B034F10-07CF-4FD6-8671-20AE3C9D293F}.Release|Any CPU.ActiveCfg = Release|Any CPU
		{3B034F10-07CF-4FD6-8671-20AE3C9D293F}.Release|Any CPU.Build.0 = Release|Any CPU
		{ECB883E7-8DCF-47FC-8F21-DEAF6A58B343}.Debug|Any CPU.ActiveCfg = Debug|Any CPU
		{ECB883E7-8DCF-47FC-8F21-DEAF6A58B343}.Debug|Any CPU.Build.0 = Debug|Any CPU
		{ECB883E7-8DCF-47FC-8F21-DEAF6A58B343}.Release|Any CPU.ActiveCfg = Release|Any CPU
		{ECB883E7-8DCF-47FC-8F21-DEAF6A58B343}.Release|Any CPU.Build.0 = Release|Any CPU
		{6ACDB1D1-B283-4555-8CF8-44060E47CF81}.Debug|Any CPU.ActiveCfg = Debug|Any CPU
		{6ACDB1D1-B283-4555-8CF8-44060E47CF81}.Debug|Any CPU.Build.0 = Debug|Any CPU
		{6ACDB1D1-B283-4555-8CF8-44060E47CF81}.Release|Any CPU.ActiveCfg = Release|Any CPU
		{6ACDB1D1-B283-4555-8CF8-44060E47CF81}.Release|Any CPU.Build.0 = Release|Any CPU
		{202720B3-92DA-4366-9BA4-72120A3DB9EB}.Debug|Any CPU.ActiveCfg = Debug|Any CPU
		{202720B3-92DA-4366-9BA4-72120A3DB9EB}.Debug|Any CPU.Build.0 = Debug|Any CPU
		{202720B3-92DA-4366-9BA4-72120A3DB9EB}.Release|Any CPU.ActiveCfg = Release|Any CPU
		{202720B3-92DA-4366-9BA4-72120A3DB9EB}.Release|Any CPU.Build.0 = Release|Any CPU
		{F975D295-C001-4C58-8F37-C9AC13825E76}.Debug|Any CPU.ActiveCfg = Debug|Any CPU
		{F975D295-C001-4C58-8F37-C9AC13825E76}.Debug|Any CPU.Build.0 = Debug|Any CPU
		{F975D295-C001-4C58-8F37-C9AC13825E76}.Release|Any CPU.ActiveCfg = Release|Any CPU
		{F975D295-C001-4C58-8F37-C9AC13825E76}.Release|Any CPU.Build.0 = Release|Any CPU
		{52A8C093-54EF-4504-8272-55CC433667A5}.Debug|Any CPU.ActiveCfg = Debug|Any CPU
		{52A8C093-54EF-4504-8272-55CC433667A5}.Debug|Any CPU.Build.0 = Debug|Any CPU
		{52A8C093-54EF-4504-8272-55CC433667A5}.Release|Any CPU.ActiveCfg = Release|Any CPU
		{52A8C093-54EF-4504-8272-55CC433667A5}.Release|Any CPU.Build.0 = Release|Any CPU
		{58F1A651-CD91-467A-8D3A-645522EA17E6}.Debug|Any CPU.ActiveCfg = Debug|Any CPU
		{58F1A651-CD91-467A-8D3A-645522EA17E6}.Debug|Any CPU.Build.0 = Debug|Any CPU
		{58F1A651-CD91-467A-8D3A-645522EA17E6}.Release|Any CPU.ActiveCfg = Release|Any CPU
		{58F1A651-CD91-467A-8D3A-645522EA17E6}.Release|Any CPU.Build.0 = Release|Any CPU
		{65FA5676-770A-49C8-BE05-B549DEC42F7F}.Debug|Any CPU.ActiveCfg = Debug|Any CPU
		{65FA5676-770A-49C8-BE05-B549DEC42F7F}.Debug|Any CPU.Build.0 = Debug|Any CPU
		{65FA5676-770A-49C8-BE05-B549DEC42F7F}.Release|Any CPU.ActiveCfg = Release|Any CPU
		{65FA5676-770A-49C8-BE05-B549DEC42F7F}.Release|Any CPU.Build.0 = Release|Any CPU
		{95EFF552-8288-416A-A0F1-AD8474320B8F}.Debug|Any CPU.ActiveCfg = Debug|Any CPU
		{95EFF552-8288-416A-A0F1-AD8474320B8F}.Debug|Any CPU.Build.0 = Debug|Any CPU
		{95EFF552-8288-416A-A0F1-AD8474320B8F}.Release|Any CPU.ActiveCfg = Release|Any CPU
		{95EFF552-8288-416A-A0F1-AD8474320B8F}.Release|Any CPU.Build.0 = Release|Any CPU
		{97103F68-7710-41CE-B1D2-049544C0293C}.Debug|Any CPU.ActiveCfg = Debug|Any CPU
		{97103F68-7710-41CE-B1D2-049544C0293C}.Debug|Any CPU.Build.0 = Debug|Any CPU
		{97103F68-7710-41CE-B1D2-049544C0293C}.Release|Any CPU.ActiveCfg = Release|Any CPU
		{97103F68-7710-41CE-B1D2-049544C0293C}.Release|Any CPU.Build.0 = Release|Any CPU
		{8A83C530-8E9A-49D2-97EA-B6909E72FAF5}.Debug|Any CPU.ActiveCfg = Debug|Any CPU
		{8A83C530-8E9A-49D2-97EA-B6909E72FAF5}.Debug|Any CPU.Build.0 = Debug|Any CPU
		{8A83C530-8E9A-49D2-97EA-B6909E72FAF5}.Release|Any CPU.ActiveCfg = Release|Any CPU
		{8A83C530-8E9A-49D2-97EA-B6909E72FAF5}.Release|Any CPU.Build.0 = Release|Any CPU
		{995D13BE-1A50-4EB3-9EBF-EDBB77FC0FDD}.Debug|Any CPU.ActiveCfg = Debug|Any CPU
		{995D13BE-1A50-4EB3-9EBF-EDBB77FC0FDD}.Debug|Any CPU.Build.0 = Debug|Any CPU
		{995D13BE-1A50-4EB3-9EBF-EDBB77FC0FDD}.Release|Any CPU.ActiveCfg = Release|Any CPU
		{995D13BE-1A50-4EB3-9EBF-EDBB77FC0FDD}.Release|Any CPU.Build.0 = Release|Any CPU
		{403011EB-6757-4AC7-8D83-F47E8B5836EC}.Debug|Any CPU.ActiveCfg = Debug|Any CPU
		{403011EB-6757-4AC7-8D83-F47E8B5836EC}.Debug|Any CPU.Build.0 = Debug|Any CPU
		{403011EB-6757-4AC7-8D83-F47E8B5836EC}.Release|Any CPU.ActiveCfg = Release|Any CPU
		{403011EB-6757-4AC7-8D83-F47E8B5836EC}.Release|Any CPU.Build.0 = Release|Any CPU
		{FDBDE35A-E74C-4BA7-A881-474306A8B1F5}.Debug|Any CPU.ActiveCfg = Debug|Any CPU
		{FDBDE35A-E74C-4BA7-A881-474306A8B1F5}.Debug|Any CPU.Build.0 = Debug|Any CPU
		{FDBDE35A-E74C-4BA7-A881-474306A8B1F5}.Release|Any CPU.ActiveCfg = Release|Any CPU
		{FDBDE35A-E74C-4BA7-A881-474306A8B1F5}.Release|Any CPU.Build.0 = Release|Any CPU
		{5683C333-51FA-46B3-9387-B06C6EB012E6}.Debug|Any CPU.ActiveCfg = Debug|Any CPU
		{5683C333-51FA-46B3-9387-B06C6EB012E6}.Debug|Any CPU.Build.0 = Debug|Any CPU
		{5683C333-51FA-46B3-9387-B06C6EB012E6}.Release|Any CPU.ActiveCfg = Release|Any CPU
		{5683C333-51FA-46B3-9387-B06C6EB012E6}.Release|Any CPU.Build.0 = Release|Any CPU
		{AA4E5A32-5EE0-4A09-960A-4D7A16745E88}.Debug|Any CPU.ActiveCfg = Debug|Any CPU
		{AA4E5A32-5EE0-4A09-960A-4D7A16745E88}.Debug|Any CPU.Build.0 = Debug|Any CPU
		{AA4E5A32-5EE0-4A09-960A-4D7A16745E88}.Release|Any CPU.ActiveCfg = Release|Any CPU
		{AA4E5A32-5EE0-4A09-960A-4D7A16745E88}.Release|Any CPU.Build.0 = Release|Any CPU
		{AC7C3A85-D1F1-4BD9-909F-AF5F1DC6EADA}.Debug|Any CPU.ActiveCfg = Debug|Any CPU
		{AC7C3A85-D1F1-4BD9-909F-AF5F1DC6EADA}.Debug|Any CPU.Build.0 = Debug|Any CPU
		{AC7C3A85-D1F1-4BD9-909F-AF5F1DC6EADA}.Release|Any CPU.ActiveCfg = Release|Any CPU
		{AC7C3A85-D1F1-4BD9-909F-AF5F1DC6EADA}.Release|Any CPU.Build.0 = Release|Any CPU
		{150D4A3A-5701-490C-A4F6-FDE7DFBB739D}.Debug|Any CPU.ActiveCfg = Debug|Any CPU
		{150D4A3A-5701-490C-A4F6-FDE7DFBB739D}.Debug|Any CPU.Build.0 = Debug|Any CPU
		{150D4A3A-5701-490C-A4F6-FDE7DFBB739D}.Release|Any CPU.ActiveCfg = Release|Any CPU
		{150D4A3A-5701-490C-A4F6-FDE7DFBB739D}.Release|Any CPU.Build.0 = Release|Any CPU
		{07F2E2B7-C8CC-4620-8193-63D4C7F9B894}.Debug|Any CPU.ActiveCfg = Debug|Any CPU
		{07F2E2B7-C8CC-4620-8193-63D4C7F9B894}.Debug|Any CPU.Build.0 = Debug|Any CPU
		{07F2E2B7-C8CC-4620-8193-63D4C7F9B894}.Release|Any CPU.ActiveCfg = Release|Any CPU
		{07F2E2B7-C8CC-4620-8193-63D4C7F9B894}.Release|Any CPU.Build.0 = Release|Any CPU
		{776709C8-3D58-4BE0-BD0B-47D284D449B9}.Debug|Any CPU.ActiveCfg = Debug|Any CPU
		{776709C8-3D58-4BE0-BD0B-47D284D449B9}.Debug|Any CPU.Build.0 = Debug|Any CPU
		{776709C8-3D58-4BE0-BD0B-47D284D449B9}.Release|Any CPU.ActiveCfg = Release|Any CPU
		{776709C8-3D58-4BE0-BD0B-47D284D449B9}.Release|Any CPU.Build.0 = Release|Any CPU
		{7D76AD56-ED19-43B1-A3F2-D08F01679D06}.Debug|Any CPU.ActiveCfg = Debug|Any CPU
		{7D76AD56-ED19-43B1-A3F2-D08F01679D06}.Debug|Any CPU.Build.0 = Debug|Any CPU
		{7D76AD56-ED19-43B1-A3F2-D08F01679D06}.Release|Any CPU.ActiveCfg = Release|Any CPU
		{7D76AD56-ED19-43B1-A3F2-D08F01679D06}.Release|Any CPU.Build.0 = Release|Any CPU
		{A7A78ACA-B03A-45CB-8909-B9EC7C48BCA1}.Debug|Any CPU.ActiveCfg = Debug|Any CPU
		{A7A78ACA-B03A-45CB-8909-B9EC7C48BCA1}.Debug|Any CPU.Build.0 = Debug|Any CPU
		{A7A78ACA-B03A-45CB-8909-B9EC7C48BCA1}.Release|Any CPU.ActiveCfg = Release|Any CPU
		{A7A78ACA-B03A-45CB-8909-B9EC7C48BCA1}.Release|Any CPU.Build.0 = Release|Any CPU
		{519CC2ED-D0AB-47E5-B500-6C42A3CAFBDC}.Debug|Any CPU.ActiveCfg = Debug|Any CPU
		{519CC2ED-D0AB-47E5-B500-6C42A3CAFBDC}.Debug|Any CPU.Build.0 = Debug|Any CPU
		{519CC2ED-D0AB-47E5-B500-6C42A3CAFBDC}.Release|Any CPU.ActiveCfg = Release|Any CPU
		{519CC2ED-D0AB-47E5-B500-6C42A3CAFBDC}.Release|Any CPU.Build.0 = Release|Any CPU
		{5380381A-BEFC-4F9D-949B-4F499F5F36B0}.Debug|Any CPU.ActiveCfg = Debug|Any CPU
		{5380381A-BEFC-4F9D-949B-4F499F5F36B0}.Debug|Any CPU.Build.0 = Debug|Any CPU
		{5380381A-BEFC-4F9D-949B-4F499F5F36B0}.Release|Any CPU.ActiveCfg = Release|Any CPU
		{5380381A-BEFC-4F9D-949B-4F499F5F36B0}.Release|Any CPU.Build.0 = Release|Any CPU
		{E220D754-4DD5-4975-885B-FE863031FECE}.Debug|Any CPU.ActiveCfg = Debug|Any CPU
		{E220D754-4DD5-4975-885B-FE863031FECE}.Debug|Any CPU.Build.0 = Debug|Any CPU
		{E220D754-4DD5-4975-885B-FE863031FECE}.Release|Any CPU.ActiveCfg = Release|Any CPU
		{E220D754-4DD5-4975-885B-FE863031FECE}.Release|Any CPU.Build.0 = Release|Any CPU
		{5DFCDCA9-813B-466E-9060-02BB67803A34}.Debug|Any CPU.ActiveCfg = Debug|Any CPU
		{5DFCDCA9-813B-466E-9060-02BB67803A34}.Debug|Any CPU.Build.0 = Debug|Any CPU
		{5DFCDCA9-813B-466E-9060-02BB67803A34}.Release|Any CPU.ActiveCfg = Release|Any CPU
		{5DFCDCA9-813B-466E-9060-02BB67803A34}.Release|Any CPU.Build.0 = Release|Any CPU
		{6FA9CBDF-BA27-4CFE-BCC6-7078AAEA4456}.Debug|Any CPU.ActiveCfg = Debug|Any CPU
		{6FA9CBDF-BA27-4CFE-BCC6-7078AAEA4456}.Debug|Any CPU.Build.0 = Debug|Any CPU
		{6FA9CBDF-BA27-4CFE-BCC6-7078AAEA4456}.Release|Any CPU.ActiveCfg = Release|Any CPU
		{6FA9CBDF-BA27-4CFE-BCC6-7078AAEA4456}.Release|Any CPU.Build.0 = Release|Any CPU
		{29C1B780-F4F4-4530-B4CC-3DC6A9A8021D}.Debug|Any CPU.ActiveCfg = Debug|Any CPU
		{29C1B780-F4F4-4530-B4CC-3DC6A9A8021D}.Debug|Any CPU.Build.0 = Debug|Any CPU
		{29C1B780-F4F4-4530-B4CC-3DC6A9A8021D}.Release|Any CPU.ActiveCfg = Release|Any CPU
		{29C1B780-F4F4-4530-B4CC-3DC6A9A8021D}.Release|Any CPU.Build.0 = Release|Any CPU
		{35830EC6-6A6B-48EF-9994-B7B2715D6283}.Debug|Any CPU.ActiveCfg = Debug|Any CPU
		{35830EC6-6A6B-48EF-9994-B7B2715D6283}.Debug|Any CPU.Build.0 = Debug|Any CPU
		{35830EC6-6A6B-48EF-9994-B7B2715D6283}.Release|Any CPU.ActiveCfg = Release|Any CPU
		{35830EC6-6A6B-48EF-9994-B7B2715D6283}.Release|Any CPU.Build.0 = Release|Any CPU
		{00C105FE-B5C7-4F1D-AE4F-7162B26657BC}.Debug|Any CPU.ActiveCfg = Debug|Any CPU
		{00C105FE-B5C7-4F1D-AE4F-7162B26657BC}.Debug|Any CPU.Build.0 = Debug|Any CPU
		{00C105FE-B5C7-4F1D-AE4F-7162B26657BC}.Release|Any CPU.ActiveCfg = Release|Any CPU
		{00C105FE-B5C7-4F1D-AE4F-7162B26657BC}.Release|Any CPU.Build.0 = Release|Any CPU
		{DE90D68B-7160-407C-B632-3E520E229CAD}.Debug|Any CPU.ActiveCfg = Debug|Any CPU
		{DE90D68B-7160-407C-B632-3E520E229CAD}.Debug|Any CPU.Build.0 = Debug|Any CPU
		{DE90D68B-7160-407C-B632-3E520E229CAD}.Release|Any CPU.ActiveCfg = Release|Any CPU
		{DE90D68B-7160-407C-B632-3E520E229CAD}.Release|Any CPU.Build.0 = Release|Any CPU
		{F8FCB2BF-8A63-4FBD-9112-B4D1133CD92F}.Debug|Any CPU.ActiveCfg = Debug|Any CPU
		{F8FCB2BF-8A63-4FBD-9112-B4D1133CD92F}.Debug|Any CPU.Build.0 = Debug|Any CPU
		{F8FCB2BF-8A63-4FBD-9112-B4D1133CD92F}.Release|Any CPU.ActiveCfg = Release|Any CPU
		{F8FCB2BF-8A63-4FBD-9112-B4D1133CD92F}.Release|Any CPU.Build.0 = Release|Any CPU
		{25EF2469-BD14-42D4-8F71-02BEF23A9FCB}.Debug|Any CPU.ActiveCfg = Debug|Any CPU
		{25EF2469-BD14-42D4-8F71-02BEF23A9FCB}.Debug|Any CPU.Build.0 = Debug|Any CPU
		{25EF2469-BD14-42D4-8F71-02BEF23A9FCB}.Release|Any CPU.ActiveCfg = Release|Any CPU
		{25EF2469-BD14-42D4-8F71-02BEF23A9FCB}.Release|Any CPU.Build.0 = Release|Any CPU
		{F78CDC5E-6D14-4CD8-BF94-4350D1169DFC}.Debug|Any CPU.ActiveCfg = Debug|Any CPU
		{F78CDC5E-6D14-4CD8-BF94-4350D1169DFC}.Debug|Any CPU.Build.0 = Debug|Any CPU
		{F78CDC5E-6D14-4CD8-BF94-4350D1169DFC}.Release|Any CPU.ActiveCfg = Release|Any CPU
		{F78CDC5E-6D14-4CD8-BF94-4350D1169DFC}.Release|Any CPU.Build.0 = Release|Any CPU
		{DF5F1093-7ACA-428E-BA40-D9E0EA4BA715}.Debug|Any CPU.ActiveCfg = Debug|Any CPU
		{DF5F1093-7ACA-428E-BA40-D9E0EA4BA715}.Debug|Any CPU.Build.0 = Debug|Any CPU
		{DF5F1093-7ACA-428E-BA40-D9E0EA4BA715}.Release|Any CPU.ActiveCfg = Release|Any CPU
		{DF5F1093-7ACA-428E-BA40-D9E0EA4BA715}.Release|Any CPU.Build.0 = Release|Any CPU
		{7A2302BE-0AC0-41EF-84A2-6428E29ED9F1}.Debug|Any CPU.ActiveCfg = Debug|Any CPU
		{7A2302BE-0AC0-41EF-84A2-6428E29ED9F1}.Debug|Any CPU.Build.0 = Debug|Any CPU
		{7A2302BE-0AC0-41EF-84A2-6428E29ED9F1}.Release|Any CPU.ActiveCfg = Release|Any CPU
		{7A2302BE-0AC0-41EF-84A2-6428E29ED9F1}.Release|Any CPU.Build.0 = Release|Any CPU
		{0B4A53C0-7AC8-4E6D-9CAE-411B9C70A890}.Debug|Any CPU.ActiveCfg = Debug|Any CPU
		{0B4A53C0-7AC8-4E6D-9CAE-411B9C70A890}.Debug|Any CPU.Build.0 = Debug|Any CPU
		{0B4A53C0-7AC8-4E6D-9CAE-411B9C70A890}.Release|Any CPU.ActiveCfg = Release|Any CPU
		{0B4A53C0-7AC8-4E6D-9CAE-411B9C70A890}.Release|Any CPU.Build.0 = Release|Any CPU
		{3F0205DF-14E3-4E0D-87CA-7DA42D3784F4}.Debug|Any CPU.ActiveCfg = Debug|Any CPU
		{3F0205DF-14E3-4E0D-87CA-7DA42D3784F4}.Debug|Any CPU.Build.0 = Debug|Any CPU
		{3F0205DF-14E3-4E0D-87CA-7DA42D3784F4}.Release|Any CPU.ActiveCfg = Release|Any CPU
		{3F0205DF-14E3-4E0D-87CA-7DA42D3784F4}.Release|Any CPU.Build.0 = Release|Any CPU
		{2584EDFB-3119-444D-ADF7-CA61DF65CAA7}.Debug|Any CPU.ActiveCfg = Debug|Any CPU
		{2584EDFB-3119-444D-ADF7-CA61DF65CAA7}.Debug|Any CPU.Build.0 = Debug|Any CPU
		{2584EDFB-3119-444D-ADF7-CA61DF65CAA7}.Release|Any CPU.ActiveCfg = Release|Any CPU
		{2584EDFB-3119-444D-ADF7-CA61DF65CAA7}.Release|Any CPU.Build.0 = Release|Any CPU
		{B5C4C6EC-DFA6-410F-BA27-6A51EACE33A2}.Debug|Any CPU.ActiveCfg = Debug|Any CPU
		{B5C4C6EC-DFA6-410F-BA27-6A51EACE33A2}.Debug|Any CPU.Build.0 = Debug|Any CPU
		{B5C4C6EC-DFA6-410F-BA27-6A51EACE33A2}.Release|Any CPU.ActiveCfg = Release|Any CPU
		{B5C4C6EC-DFA6-410F-BA27-6A51EACE33A2}.Release|Any CPU.Build.0 = Release|Any CPU
		{18EAEFAD-1ED7-4E10-AC00-D4DF27CFA113}.Debug|Any CPU.ActiveCfg = Debug|Any CPU
		{18EAEFAD-1ED7-4E10-AC00-D4DF27CFA113}.Debug|Any CPU.Build.0 = Debug|Any CPU
		{18EAEFAD-1ED7-4E10-AC00-D4DF27CFA113}.Release|Any CPU.ActiveCfg = Release|Any CPU
		{18EAEFAD-1ED7-4E10-AC00-D4DF27CFA113}.Release|Any CPU.Build.0 = Release|Any CPU
		{F631497B-1F9C-4856-AA91-938B26016CC4}.Debug|Any CPU.ActiveCfg = Debug|Any CPU
		{F631497B-1F9C-4856-AA91-938B26016CC4}.Debug|Any CPU.Build.0 = Debug|Any CPU
		{F631497B-1F9C-4856-AA91-938B26016CC4}.Release|Any CPU.ActiveCfg = Release|Any CPU
		{F631497B-1F9C-4856-AA91-938B26016CC4}.Release|Any CPU.Build.0 = Release|Any CPU
		{7EC1AC40-F081-4A6A-9DE8-3DE6090CB521}.Debug|Any CPU.ActiveCfg = Debug|Any CPU
		{7EC1AC40-F081-4A6A-9DE8-3DE6090CB521}.Debug|Any CPU.Build.0 = Debug|Any CPU
		{7EC1AC40-F081-4A6A-9DE8-3DE6090CB521}.Release|Any CPU.ActiveCfg = Release|Any CPU
		{7EC1AC40-F081-4A6A-9DE8-3DE6090CB521}.Release|Any CPU.Build.0 = Release|Any CPU
		{581F38BD-97A6-4F81-99E1-9A1A656970A0}.Debug|Any CPU.ActiveCfg = Debug|Any CPU
		{581F38BD-97A6-4F81-99E1-9A1A656970A0}.Debug|Any CPU.Build.0 = Debug|Any CPU
		{581F38BD-97A6-4F81-99E1-9A1A656970A0}.Release|Any CPU.ActiveCfg = Release|Any CPU
		{581F38BD-97A6-4F81-99E1-9A1A656970A0}.Release|Any CPU.Build.0 = Release|Any CPU
		{BC72AA1C-236E-406F-A480-8A707833D99A}.Debug|Any CPU.ActiveCfg = Debug|Any CPU
		{BC72AA1C-236E-406F-A480-8A707833D99A}.Debug|Any CPU.Build.0 = Debug|Any CPU
		{BC72AA1C-236E-406F-A480-8A707833D99A}.Release|Any CPU.ActiveCfg = Release|Any CPU
		{BC72AA1C-236E-406F-A480-8A707833D99A}.Release|Any CPU.Build.0 = Release|Any CPU
		{A83CBA88-0440-4ACD-A8DD-6462B7A2F988}.Debug|Any CPU.ActiveCfg = Debug|Any CPU
		{A83CBA88-0440-4ACD-A8DD-6462B7A2F988}.Debug|Any CPU.Build.0 = Debug|Any CPU
		{A83CBA88-0440-4ACD-A8DD-6462B7A2F988}.Release|Any CPU.ActiveCfg = Release|Any CPU
		{A83CBA88-0440-4ACD-A8DD-6462B7A2F988}.Release|Any CPU.Build.0 = Release|Any CPU
		{6CBD2177-4728-4FA9-8E11-70394A377E5C}.Debug|Any CPU.ActiveCfg = Debug|Any CPU
		{6CBD2177-4728-4FA9-8E11-70394A377E5C}.Debug|Any CPU.Build.0 = Debug|Any CPU
		{6CBD2177-4728-4FA9-8E11-70394A377E5C}.Release|Any CPU.ActiveCfg = Release|Any CPU
		{6CBD2177-4728-4FA9-8E11-70394A377E5C}.Release|Any CPU.Build.0 = Release|Any CPU
	EndGlobalSection
	GlobalSection(SolutionProperties) = preSolution
		HideSolutionNode = FALSE
	EndGlobalSection
	GlobalSection(NestedProjects) = preSolution
		{1F7765AA-DD28-4B6D-95C8-42C2A3E4D2E9} = {C691C2D7-A55A-467A-BF53-89CAC066614E}
		{C1D2648F-7093-4994-9C3E-272798F5B9FB} = {C691C2D7-A55A-467A-BF53-89CAC066614E}
		{9FEF406C-BB02-47A9-B2A3-9EA33B33FAE3} = {1F7765AA-DD28-4B6D-95C8-42C2A3E4D2E9}
		{C12440A0-4C41-40E8-98FD-DDF793453BDB} = {1F7765AA-DD28-4B6D-95C8-42C2A3E4D2E9}
		{13603E47-21DF-4AFD-B7B9-DB7C00E7904C} = {1F7765AA-DD28-4B6D-95C8-42C2A3E4D2E9}
		{B1429A1E-52BE-4B87-9207-AB0C73EB4F7F} = {1F7765AA-DD28-4B6D-95C8-42C2A3E4D2E9}
		{761BC80D-EA73-4818-B0B4-8FE7D3A0B510} = {1F7765AA-DD28-4B6D-95C8-42C2A3E4D2E9}
		{C3066A70-815E-4085-8BE8-E9F8E2917A98} = {1F7765AA-DD28-4B6D-95C8-42C2A3E4D2E9}
		{FC41BE35-9F39-4026-BB69-2789C7BA62F0} = {1F7765AA-DD28-4B6D-95C8-42C2A3E4D2E9}
		{208DBCAE-A28B-4546-BD7E-435BE9D09EA8} = {1F7765AA-DD28-4B6D-95C8-42C2A3E4D2E9}
		{E3595EDC-EE0C-466E-BD97-C67B2B4E6FA4} = {C1D2648F-7093-4994-9C3E-272798F5B9FB}
		{266C05B8-5D90-48E4-8F28-B2DB2C48BDDF} = {C1D2648F-7093-4994-9C3E-272798F5B9FB}
		{BA6356C2-B91B-47C8-AE14-DAA10E9F06AB} = {C1D2648F-7093-4994-9C3E-272798F5B9FB}
		{F54AD791-3844-4E1E-8096-92FD5CED88EE} = {C1D2648F-7093-4994-9C3E-272798F5B9FB}
		{9321816B-FD3B-429E-972C-C43A0525C945} = {C691C2D7-A55A-467A-BF53-89CAC066614E}
		{C1BBF258-F77E-4A90-9570-339749C6D82C} = {C691C2D7-A55A-467A-BF53-89CAC066614E}
		{45F4A9CD-54CE-4648-B59A-0487AE666F67} = {C1BBF258-F77E-4A90-9570-339749C6D82C}
		{3B034F10-07CF-4FD6-8671-20AE3C9D293F} = {C1BBF258-F77E-4A90-9570-339749C6D82C}
		{ECB883E7-8DCF-47FC-8F21-DEAF6A58B343} = {C1BBF258-F77E-4A90-9570-339749C6D82C}
		{6ACDB1D1-B283-4555-8CF8-44060E47CF81} = {C1BBF258-F77E-4A90-9570-339749C6D82C}
		{469C067D-E3BC-4A91-B0FC-2DAE521B7BF9} = {C691C2D7-A55A-467A-BF53-89CAC066614E}
		{202720B3-92DA-4366-9BA4-72120A3DB9EB} = {469C067D-E3BC-4A91-B0FC-2DAE521B7BF9}
		{F975D295-C001-4C58-8F37-C9AC13825E76} = {469C067D-E3BC-4A91-B0FC-2DAE521B7BF9}
		{52A8C093-54EF-4504-8272-55CC433667A5} = {469C067D-E3BC-4A91-B0FC-2DAE521B7BF9}
		{58F1A651-CD91-467A-8D3A-645522EA17E6} = {469C067D-E3BC-4A91-B0FC-2DAE521B7BF9}
		{65FA5676-770A-49C8-BE05-B549DEC42F7F} = {469C067D-E3BC-4A91-B0FC-2DAE521B7BF9}
		{95EFF552-8288-416A-A0F1-AD8474320B8F} = {469C067D-E3BC-4A91-B0FC-2DAE521B7BF9}
		{97103F68-7710-41CE-B1D2-049544C0293C} = {469C067D-E3BC-4A91-B0FC-2DAE521B7BF9}
		{8A83C530-8E9A-49D2-97EA-B6909E72FAF5} = {469C067D-E3BC-4A91-B0FC-2DAE521B7BF9}
		{995D13BE-1A50-4EB3-9EBF-EDBB77FC0FDD} = {469C067D-E3BC-4A91-B0FC-2DAE521B7BF9}
		{17DBD68B-1BA8-4ABC-B0AD-7AB9169503D3} = {C691C2D7-A55A-467A-BF53-89CAC066614E}
		{403011EB-6757-4AC7-8D83-F47E8B5836EC} = {17DBD68B-1BA8-4ABC-B0AD-7AB9169503D3}
		{FDBDE35A-E74C-4BA7-A881-474306A8B1F5} = {17DBD68B-1BA8-4ABC-B0AD-7AB9169503D3}
		{5683C333-51FA-46B3-9387-B06C6EB012E6} = {C1D2648F-7093-4994-9C3E-272798F5B9FB}
		{AA4E5A32-5EE0-4A09-960A-4D7A16745E88} = {C1D2648F-7093-4994-9C3E-272798F5B9FB}
		{AC7C3A85-D1F1-4BD9-909F-AF5F1DC6EADA} = {C1D2648F-7093-4994-9C3E-272798F5B9FB}
		{150D4A3A-5701-490C-A4F6-FDE7DFBB739D} = {C1D2648F-7093-4994-9C3E-272798F5B9FB}
		{07F2E2B7-C8CC-4620-8193-63D4C7F9B894} = {C1D2648F-7093-4994-9C3E-272798F5B9FB}
		{776709C8-3D58-4BE0-BD0B-47D284D449B9} = {C1D2648F-7093-4994-9C3E-272798F5B9FB}
		{7D76AD56-ED19-43B1-A3F2-D08F01679D06} = {14C74456-03D6-4BA5-B6EE-A0B4C2AC4871}
		{A7A78ACA-B03A-45CB-8909-B9EC7C48BCA1} = {14C74456-03D6-4BA5-B6EE-A0B4C2AC4871}
		{519CC2ED-D0AB-47E5-B500-6C42A3CAFBDC} = {C1D2648F-7093-4994-9C3E-272798F5B9FB}
		{5380381A-BEFC-4F9D-949B-4F499F5F36B0} = {C1D2648F-7093-4994-9C3E-272798F5B9FB}
		{14C74456-03D6-4BA5-B6EE-A0B4C2AC4871} = {C691C2D7-A55A-467A-BF53-89CAC066614E}
		{E220D754-4DD5-4975-885B-FE863031FECE} = {14C74456-03D6-4BA5-B6EE-A0B4C2AC4871}
		{5DFCDCA9-813B-466E-9060-02BB67803A34} = {14C74456-03D6-4BA5-B6EE-A0B4C2AC4871}
		{6FA9CBDF-BA27-4CFE-BCC6-7078AAEA4456} = {17DBD68B-1BA8-4ABC-B0AD-7AB9169503D3}
		{29C1B780-F4F4-4530-B4CC-3DC6A9A8021D} = {17DBD68B-1BA8-4ABC-B0AD-7AB9169503D3}
		{DE90D68B-7160-407C-B632-3E520E229CAD} = {C1D2648F-7093-4994-9C3E-272798F5B9FB}
		{F8FCB2BF-8A63-4FBD-9112-B4D1133CD92F} = {C1D2648F-7093-4994-9C3E-272798F5B9FB}
		{25EF2469-BD14-42D4-8F71-02BEF23A9FCB} = {9321816B-FD3B-429E-972C-C43A0525C945}
		{F78CDC5E-6D14-4CD8-BF94-4350D1169DFC} = {9321816B-FD3B-429E-972C-C43A0525C945}
		{DF5F1093-7ACA-428E-BA40-D9E0EA4BA715} = {9321816B-FD3B-429E-972C-C43A0525C945}
		{7A2302BE-0AC0-41EF-84A2-6428E29ED9F1} = {9321816B-FD3B-429E-972C-C43A0525C945}
		{0B4A53C0-7AC8-4E6D-9CAE-411B9C70A890} = {9321816B-FD3B-429E-972C-C43A0525C945}
		{3F0205DF-14E3-4E0D-87CA-7DA42D3784F4} = {9321816B-FD3B-429E-972C-C43A0525C945}
		{2584EDFB-3119-444D-ADF7-CA61DF65CAA7} = {9321816B-FD3B-429E-972C-C43A0525C945}
		{B5C4C6EC-DFA6-410F-BA27-6A51EACE33A2} = {9321816B-FD3B-429E-972C-C43A0525C945}
		{C54DA6D4-1610-4984-B769-273FF1C01D67} = {C691C2D7-A55A-467A-BF53-89CAC066614E}
		{18EAEFAD-1ED7-4E10-AC00-D4DF27CFA113} = {C54DA6D4-1610-4984-B769-273FF1C01D67}
		{F631497B-1F9C-4856-AA91-938B26016CC4} = {C54DA6D4-1610-4984-B769-273FF1C01D67}
		{7EC1AC40-F081-4A6A-9DE8-3DE6090CB521} = {C1D2648F-7093-4994-9C3E-272798F5B9FB}
		{581F38BD-97A6-4F81-99E1-9A1A656970A0} = {C1D2648F-7093-4994-9C3E-272798F5B9FB}
		{BC72AA1C-236E-406F-A480-8A707833D99A} = {C54DA6D4-1610-4984-B769-273FF1C01D67}
		{A83CBA88-0440-4ACD-A8DD-6462B7A2F988} = {C54DA6D4-1610-4984-B769-273FF1C01D67}
		{6CBD2177-4728-4FA9-8E11-70394A377E5C} = {9321816B-FD3B-429E-972C-C43A0525C945}
	EndGlobalSection
	GlobalSection(ExtensibilityGlobals) = postSolution
		SolutionGuid = {6C429541-A495-40A1-967F-974586F38BB4}
	EndGlobalSection
EndGlobal
